
Microsoft Visual Studio Solution File, Format Version 12.00
# Visual Studio Version 16
VisualStudioVersion = 16.0.30517.126
MinimumVisualStudioVersion = 10.0.40219.1
Project("{FAE04EC0-301F-11D3-BF4B-00C04F79EFBC}") = "CCG-GIS-Admin-App", "CCG-GIS-Admin-App.csproj", "{FEECEA59-EFAF-4EB3-92FC-406CB8B1DF01}"
EndProject
Global
	GlobalSection(SolutionConfigurationPlatforms) = preSolution
		Debug|Any CPU = Debug|Any CPU
		Release|Any CPU = Release|Any CPU
	EndGlobalSection
	GlobalSection(ProjectConfigurationPlatforms) = postSolution
		{FEECEA59-EFAF-4EB3-92FC-406CB8B1DF01}.Debug|Any CPU.ActiveCfg = Debug|Any CPU
		{FEECEA59-EFAF-4EB3-92FC-406CB8B1DF01}.Debug|Any CPU.Build.0 = Debug|Any CPU
		{FEECEA59-EFAF-4EB3-92FC-406CB8B1DF01}.Release|Any CPU.ActiveCfg = Release|Any CPU
		{FEECEA59-EFAF-4EB3-92FC-406CB8B1DF01}.Release|Any CPU.Build.0 = Release|Any CPU
	EndGlobalSection
	GlobalSection(SolutionProperties) = preSolution
		HideSolutionNode = FALSE
	EndGlobalSection
	GlobalSection(ExtensibilityGlobals) = postSolution
		SolutionGuid = {75E92D3E-54E1-4574-B978-8AA01232DBE6}
	EndGlobalSection
EndGlobal
